<?xml version="1.0" encoding="utf-8"?>
<Project ToolsVersion="4.0" xmlns="http://schemas.microsoft.com/developer/msbuild/2003">
  <ItemGroup>
    <Filter Include="Dll_Main">
      <UniqueIdentifier>{1ccc39af-de13-4674-86c0-17fa3d97f54b}</UniqueIdentifier>
    </Filter>
    <Filter Include="Tools">
      <UniqueIdentifier>{2dd17511-3f46-4eb8-b1ee-35693bfceed8}</UniqueIdentifier>
    </Filter>
    <Filter Include="Tools\Pyton">
      <UniqueIdentifier>{2c341b21-7470-4e7b-b666-c59544385366}</UniqueIdentifier>
    </Filter>
  </ItemGroup>
  <ItemGroup>
    <ClCompile Include="dllmain.cpp">
      <Filter>Dll_Main</Filter>
    </ClCompile>
    <ClCompile Include="Tools.ixx">
      <Filter>Tools</Filter>
    </ClCompile>
    <ClCompile Include="Tools.cpp">
      <Filter>Tools</Filter>
    </ClCompile>
  </ItemGroup>
  <ItemGroup>
    <ClInclude Include="dllmain.h">
      <Filter>Dll_Main</Filter>
    </ClInclude>
  </ItemGroup>
  <ItemGroup>
    <None Include="parse_card.py">
      <Filter>Tools\Pyton</Filter>
    </None>
    <None Include="scrape_cards.py">
      <Filter>Tools\Pyton</Filter>
    </None>
    <None Include="get_card_ids.py">
      <Filter>Tools\Pyton</Filter>
    </None>
    <None Include="get_card_users.py">
      <Filter>Tools\Pyton</Filter>
    </None>
    <None Include="packages.config" />
    <None Include="Login.py">
      <Filter>Tools\Pyton</Filter>
    </None>
  </ItemGroup>
</Project>